
Microsoft Visual Studio Solution File, Format Version 12.00
# Visual Studio Version 16
VisualStudioVersion = 16.0.29318.209
MinimumVisualStudioVersion = 10.0.40219.1
Project("{FAE04EC0-301F-11D3-BF4B-00C04F79EFBC}") = "MeuPrimeiroApp", "MeuPrimeiroApp\MeuPrimeiroApp.csproj", "{4F70ABB4-5368-4EB5-AB07-9FBE78CEF5C4}"
EndProject
Global
	GlobalSection(SolutionConfigurationPlatforms) = preSolution
		Debug|Any CPU = Debug|Any CPU
		Release|Any CPU = Release|Any CPU
	EndGlobalSection
	GlobalSection(ProjectConfigurationPlatforms) = postSolution
		{4F70ABB4-5368-4EB5-AB07-9FBE78CEF5C4}.Debug|Any CPU.ActiveCfg = Debug|Any CPU
		{4F70ABB4-5368-4EB5-AB07-9FBE78CEF5C4}.Debug|Any CPU.Build.0 = Debug|Any CPU
		{4F70ABB4-5368-4EB5-AB07-9FBE78CEF5C4}.Release|Any CPU.ActiveCfg = Release|Any CPU
		{4F70ABB4-5368-4EB5-AB07-9FBE78CEF5C4}.Release|Any CPU.Build.0 = Release|Any CPU
	EndGlobalSection
	GlobalSection(SolutionProperties) = preSolution
		HideSolutionNode = FALSE
	EndGlobalSection
	GlobalSection(ExtensibilityGlobals) = postSolution
		SolutionGuid = {3FF5F785-B3E0-4642-B09C-434BEEECEAAD}
	EndGlobalSection
EndGlobal
